# THIS IS AN AUTOGENERATED FILE. DO NOT EDIT THIS FILE DIRECTLY.
# yarn lockfile v1


"@discordjs/collection@^0.1.6":
  version "0.1.6"
  resolved "https://registry.yarnpkg.com/@discordjs/collection/-/collection-0.1.6.tgz#9e9a7637f4e4e0688fd8b2b5c63133c91607682c"
  integrity sha512-utRNxnd9kSS2qhyivo9lMlt5qgAUasH2gb7BEOn6p0efFh24gjGomHzWKMAPn2hEReOPQZCJaRKoURwRotKucQ==

"@discordjs/form-data@^3.0.1":
  version "3.0.1"
  resolved "https://registry.yarnpkg.com/@discordjs/form-data/-/form-data-3.0.1.tgz#5c9e6be992e2e57d0dfa0e39979a850225fb4697"
  integrity sha512-ZfFsbgEXW71Rw/6EtBdrP5VxBJy4dthyC0tpQKGKmYFImlmmrykO14Za+BiIVduwjte0jXEBlhSKf0MWbFp9Eg==
  dependencies:
    asynckit "^0.4.0"
    combined-stream "^1.0.8"
    mime-types "^2.1.12"

"@sapphire/async-queue@^1.1.2":
  version "1.1.4"
  resolved "https://registry.yarnpkg.com/@sapphire/async-queue/-/async-queue-1.1.4.tgz#ae431310917a8880961cebe8e59df6ffa40f2957"
  integrity sha512-fFrlF/uWpGOX5djw5Mu2Hnnrunao75WGey0sP0J3jnhmrJ5TAPzHYOmytD5iN/+pMxS+f+u/gezqHa9tPhRHEA==

"@types/bson@*":
  version "4.0.3"
  resolved "https://registry.yarnpkg.com/@types/bson/-/bson-4.0.3.tgz#30889d2ffde6262abbe38659364c631454999fbf"
  integrity sha512-mVRvYnTOZJz3ccpxhr3wgxVmSeiYinW+zlzQz3SXWaJmD1DuL05Jeq7nKw3SnbKmbleW5qrLG5vdyWe/A9sXhw==
  dependencies:
    "@types/node" "*"

"@types/mongodb@^3.5.27":
  version "3.6.18"
  resolved "https://registry.yarnpkg.com/@types/mongodb/-/mongodb-3.6.18.tgz#7524c462fc7e3b67892afda8211cd045edee65eb"
  integrity sha512-JSVFt9p0rTfZ4EgzXmVHUB3ue00xe3CRbQho8nXfImzEDDM4O7I3po1bwbWl/EIbLENxUreZxqLOc8lvcnLVPA==
  dependencies:
    "@types/bson" "*"
    "@types/node" "*"

"@types/node@*":
  version "15.12.2"
  resolved "https://registry.yarnpkg.com/@types/node/-/node-15.12.2.tgz#1f2b42c4be7156ff4a6f914b2fb03d05fa84e38d"
  integrity sha512-zjQ69G564OCIWIOHSXyQEEDpdpGl+G348RAKY0XXy9Z5kU9Vzv1GMNnkar/ZJ8dzXB3COzD9Mo9NtRZ4xfgUww==

"@types/node@^14.14.22":
  version "14.17.3"
  resolved "https://registry.yarnpkg.com/@types/node/-/node-14.17.3.tgz#6d327abaa4be34a74e421ed6409a0ae2f47f4c3d"
  integrity sha512-e6ZowgGJmTuXa3GyaPbTGxX17tnThl2aSSizrFthQ7m9uLGZBXiGhgE55cjRZTF5kjZvYn9EOPOMljdjwbflxw==

"@types/pg@^8.6.0":
  version "8.6.0"
  resolved "https://registry.yarnpkg.com/@types/pg/-/pg-8.6.0.tgz#34233b891a127d6caaad28e177b1baec1a2958d4"
  integrity sha512-3JXFrsl8COoqVB1+2Pqelx6soaiFVXzkT3fkuSNe7GB40ysfT0FHphZFPiqIXpMyTHSFRdLTyZzrFBrJRPAArA==
  dependencies:
    "@types/node" "*"
    pg-protocol "*"
    pg-types "^2.2.0"

"@types/ws@^7.4.4":
  version "7.4.5"
  resolved "https://registry.yarnpkg.com/@types/ws/-/ws-7.4.5.tgz#8ff0f7efcd8fea19f51f9dd66cb8b498d172a752"
  integrity sha512-8mbDgtc8xpxDDem5Gwj76stBDJX35KQ3YBoayxlqUQcL5BZUthiqP/VQ4PQnLHqM4PmlbyO74t98eJpURO+gPA==
  dependencies:
    "@types/node" "*"

abort-controller@^3.0.0:
  version "3.0.0"
  resolved "https://registry.yarnpkg.com/abort-controller/-/abort-controller-3.0.0.tgz#eaf54d53b62bae4138e809ca225c8439a6efb392"
  integrity sha512-h8lQ8tacZYnR3vNQTgibj+tODHI5/+l06Au2Pcriv/Gmet0eaj4TwWH41sO9wnHDiQsEj19q0drzdWdeAHtweg==
  dependencies:
    event-target-shim "^5.0.0"

arg@^4.1.0:
  version "4.1.3"
  resolved "https://registry.yarnpkg.com/arg/-/arg-4.1.3.tgz#269fc7ad5b8e42cb63c896d5666017261c144089"
  integrity sha512-58S9QDqG0Xx27YwPSt9fJxivjYl432YCwfDMfZ+71RAqUrZef7LrKQZ3LHLOwCS4FLNBplP533Zx895SeOCHvA==

asynckit@^0.4.0:
  version "0.4.0"
  resolved "https://registry.yarnpkg.com/asynckit/-/asynckit-0.4.0.tgz#c79ed97f7f34cb8f2ba1bc9790bcc366474b4b79"
  integrity sha1-x57Zf380y48robyXkLzDZkdLS3k=

axios@^0.21.1:
  version "0.21.1"
  resolved "https://registry.yarnpkg.com/axios/-/axios-0.21.1.tgz#22563481962f4d6bde9a76d516ef0e5d3c09b2b8"
  integrity sha512-dKQiRHxGD9PPRIUNIWvZhPTPpl1rf/OxTYKsqKUDjBwYylTvV7SjSHJb9ratfyzM6wCdLCOYLzs73qpg5c4iGA==
  dependencies:
    follow-redirects "^1.10.0"

bl@^2.2.1:
  version "2.2.1"
  resolved "https://registry.yarnpkg.com/bl/-/bl-2.2.1.tgz#8c11a7b730655c5d56898cdc871224f40fd901d5"
  integrity sha512-6Pesp1w0DEX1N550i/uGV/TqucVL4AM/pgThFSN/Qq9si1/DF9aIHs1BxD8V/QU0HoeHO6cQRTAuYnLPKq1e4g==
  dependencies:
    readable-stream "^2.3.5"
    safe-buffer "^5.1.1"

bluebird@3.5.1:
  version "3.5.1"
  resolved "https://registry.yarnpkg.com/bluebird/-/bluebird-3.5.1.tgz#d9551f9de98f1fcda1e683d17ee91a0602ee2eb9"
  integrity sha512-MKiLiV+I1AA596t9w1sQJ8jkiSr5+ZKi0WKrYGUn6d1Fx+Ij4tIj+m2WMQSGczs5jZVxV339chE8iwk6F64wjA==

bson@^1.1.4:
  version "1.1.6"
  resolved "https://registry.yarnpkg.com/bson/-/bson-1.1.6.tgz#fb819be9a60cd677e0853aee4ca712a785d6618a"
  integrity sha512-EvVNVeGo4tHxwi8L6bPj3y3itEvStdwvvlojVxxbyYfoaxJ6keLgrTuKdyfEAszFK+H3olzBuafE0yoh0D1gdg==

buffer-from@^1.0.0:
  version "1.1.1"
  resolved "https://registry.yarnpkg.com/buffer-from/-/buffer-from-1.1.1.tgz#32713bc028f75c02fdb710d7c7bcec1f2c6070ef"
  integrity sha512-MQcXEUbCKtEo7bhqEs6560Hyd4XaovZlO/k9V3hjVUF/zwW7KBVdSK4gIt/bzwS9MbR5qob+F5jusZsb0YQK2A==

buffer-writer@2.0.0:
  version "2.0.0"
  resolved "https://registry.yarnpkg.com/buffer-writer/-/buffer-writer-2.0.0.tgz#ce7eb81a38f7829db09c873f2fbb792c0c98ec04"
  integrity sha512-a7ZpuTZU1TRtnwyCNW3I5dc0wWNC3VR9S++Ewyk2HHZdrO3CQJqSpd+95Us590V6AL7JqUAH2IwZ/398PmNFgw==

combined-stream@^1.0.8:
  version "1.0.8"
  resolved "https://registry.yarnpkg.com/combined-stream/-/combined-stream-1.0.8.tgz#c3d45a8b34fd730631a110a8a2520682b31d5a7f"
  integrity sha512-FQN4MRfuJeHf7cBbBMJFXhKSDq+2kAArBlmRBvcvFE5BB1HZKXtSFASDhdlz9zOYwxh8lDdnvmMOe/+5cdoEdg==
  dependencies:
    delayed-stream "~1.0.0"

core-util-is@~1.0.0:
  version "1.0.2"
  resolved "https://registry.yarnpkg.com/core-util-is/-/core-util-is-1.0.2.tgz#b5fd54220aa2bc5ab57aab7140c940754503c1a7"
  integrity sha1-tf1UIgqivFq1eqtxQMlAdUUDwac=

create-require@^1.1.0:
  version "1.1.1"
  resolved "https://registry.yarnpkg.com/create-require/-/create-require-1.1.1.tgz#c1d7e8f1e5f6cfc9ff65f9cd352d37348756c333"
  integrity sha512-dcKFX3jn0MpIaXjisoRvexIJVEKzaq7z2rZKxf+MSr9TkdmHmsU4m2lcLojrj/FHl8mk5VxMmYA+ftRkP/3oKQ==

debug@3.1.0:
  version "3.1.0"
  resolved "https://registry.yarnpkg.com/debug/-/debug-3.1.0.tgz#5bb5a0672628b64149566ba16819e61518c67261"
  integrity sha512-OX8XqP7/1a9cqkxYw2yXss15f26NKWBpDXQd0/uK/KPqdQhxbPa994hnzjcE2VqQpDslf55723cKPUOGSmMY3g==
  dependencies:
    ms "2.0.0"

delayed-stream@~1.0.0:
  version "1.0.0"
  resolved "https://registry.yarnpkg.com/delayed-stream/-/delayed-stream-1.0.0.tgz#df3ae199acadfb7d440aaae0b29e2272b24ec619"
  integrity sha1-3zrhmayt+31ECqrgsp4icrJOxhk=

denque@^1.4.1:
  version "1.5.0"
  resolved "https://registry.yarnpkg.com/denque/-/denque-1.5.0.tgz#773de0686ff2d8ec2ff92914316a47b73b1c73de"
  integrity sha512-CYiCSgIF1p6EUByQPlGkKnP1M9g0ZV3qMIrqMqZqdwazygIA/YP2vrbcyl1h/WppKJTdl1F85cXIle+394iDAQ==

diff@^4.0.1:
  version "4.0.2"
  resolved "https://registry.yarnpkg.com/diff/-/diff-4.0.2.tgz#60f3aecb89d5fae520c11aa19efc2bb982aade7d"
  integrity sha512-58lmxKSA4BNyLz+HHMUzlOEpg09FV+ev6ZMe3vJihgdxzgcwZ8VoEEPmALCZG9LmqfVoNMMKpttIYTVG6uDY7A==

discord-api-types@^0.19.0-next.f393ba520d7d6d2aacaca7b3ca5d355fab614f6e:
  version "0.19.0-next.f393ba520d7d6d2aacaca7b3ca5d355fab614f6e"
  resolved "https://registry.yarnpkg.com/discord-api-types/-/discord-api-types-0.19.0-next.f393ba520d7d6d2aacaca7b3ca5d355fab614f6e.tgz#d5f36f5712ec8fe2fe928b5c37618c94a3969d6a"
  integrity sha512-ttRA/8e/WKHDbGFfED5WlS7gID+kalmNr6iMiWBCvkphQ7kFHiTOVbnj/zX9ksaRaYXp/I38SCQ+qZvLu8DJZg==

discord.js@^13.0.0-dev.e37ef3af2151e556527ccd8e98ec531bdcc0ed70:
  version "13.0.0-dev.e37ef3af2151e556527ccd8e98ec531bdcc0ed70"
  resolved "https://registry.yarnpkg.com/discord.js/-/discord.js-13.0.0-dev.e37ef3af2151e556527ccd8e98ec531bdcc0ed70.tgz#ec71b78c86b3e15392bf23f7471ab7c30ad0b63b"
  integrity sha512-7XbbFDLw0WNvOHuTTi8Gaz5VTt2OOK6titTgWqH54kKdOTr5S/Fcs/Ayka293tscDu2kgvDiSYoVZNTTOY6s1g==
  dependencies:
    "@discordjs/collection" "^0.1.6"
    "@discordjs/form-data" "^3.0.1"
    "@sapphire/async-queue" "^1.1.2"
    "@types/ws" "^7.4.4"
    abort-controller "^3.0.0"
    discord-api-types "^0.19.0-next.f393ba520d7d6d2aacaca7b3ca5d355fab614f6e"
    node-fetch "^2.6.1"
    ws "^7.4.6"

dotenv@^8.2.0:
  version "8.6.0"
  resolved "https://registry.yarnpkg.com/dotenv/-/dotenv-8.6.0.tgz#061af664d19f7f4d8fc6e4ff9b584ce237adcb8b"
  integrity sha512-IrPdXQsk2BbzvCBGBOTmmSH5SodmqZNt4ERAZDmW4CT+tL8VtvinqywuANaFu4bOMWki16nqf0e4oC0QIaDr/g==

event-target-shim@^5.0.0:
  version "5.0.1"
  resolved "https://registry.yarnpkg.com/event-target-shim/-/event-target-shim-5.0.1.tgz#5d4d3ebdf9583d63a5333ce2deb7480ab2b05789"
  integrity sha512-i/2XbnSz/uxRCU6+NdVJgKWDTM427+MqYbkQzD321DuCQJUqOuJKIA0IM2+W2xtYHdKOmZ4dR6fExsd4SXL+WQ==

follow-redirects@^1.10.0:
  version "1.14.1"
  resolved "https://registry.yarnpkg.com/follow-redirects/-/follow-redirects-1.14.1.tgz#d9114ded0a1cfdd334e164e6662ad02bfd91ff43"
  integrity sha512-HWqDgT7ZEkqRzBvc2s64vSZ/hfOceEol3ac/7tKwzuvEyWx3/4UegXh5oBOIotkGsObyk3xznnSRVADBgWSQVg==

inherits@^2.0.3, inherits@~2.0.3:
  version "2.0.4"
  resolved "https://registry.yarnpkg.com/inherits/-/inherits-2.0.4.tgz#0fa2c64f932917c3433a0ded55363aae37416b7c"
  integrity sha512-k/vGaX4/Yla3WzyMCvTQOXYeIHvqOKtnqBduzTHpzpQZzAskKMhZ2K+EnBiSM9zGSoIFeMpXKxa4dYeZIQqewQ==

isarray@~1.0.0:
  version "1.0.0"
  resolved "https://registry.yarnpkg.com/isarray/-/isarray-1.0.0.tgz#bb935d48582cba168c06834957a54a3e07124f11"
  integrity sha1-u5NdSFgsuhaMBoNJV6VKPgcSTxE=

kareem@2.3.2:
  version "2.3.2"
  resolved "https://registry.yarnpkg.com/kareem/-/kareem-2.3.2.tgz#78c4508894985b8d38a0dc15e1a8e11078f2ca93"
  integrity sha512-STHz9P7X2L4Kwn72fA4rGyqyXdmrMSdxqHx9IXon/FXluXieaFA6KJ2upcHAHxQPQ0LeM/OjLrhFxifHewOALQ==

make-error@^1.1.1:
  version "1.3.6"
  resolved "https://registry.yarnpkg.com/make-error/-/make-error-1.3.6.tgz#2eb2e37ea9b67c4891f684a1394799af484cf7a2"
  integrity sha512-s8UhlNe7vPKomQhC1qFelMokr/Sc3AgNbso3n74mVPA5LTZwkB9NlXf4XPamLxJE8h0gh73rM94xvwRT2CVInw==

memory-pager@^1.0.2:
  version "1.5.0"
  resolved "https://registry.yarnpkg.com/memory-pager/-/memory-pager-1.5.0.tgz#d8751655d22d384682741c972f2c3d6dfa3e66b5"
  integrity sha512-ZS4Bp4r/Zoeq6+NLJpP+0Zzm0pR8whtGPf1XExKLJBAczGMnSi3It14OiNCStjQjM6NU1okjQGSxgEZN8eBYKg==

mime-db@1.48.0:
  version "1.48.0"
  resolved "https://registry.yarnpkg.com/mime-db/-/mime-db-1.48.0.tgz#e35b31045dd7eada3aaad537ed88a33afbef2d1d"
  integrity sha512-FM3QwxV+TnZYQ2aRqhlKBMHxk10lTbMt3bBkMAp54ddrNeVSfcQYOOKuGuy3Ddrm38I04If834fOUSq1yzslJQ==

mime-types@^2.1.12:
  version "2.1.31"
  resolved "https://registry.yarnpkg.com/mime-types/-/mime-types-2.1.31.tgz#a00d76b74317c61f9c2db2218b8e9f8e9c5c9e6b"
  integrity sha512-XGZnNzm3QvgKxa8dpzyhFTHmpP3l5YNusmne07VUOXxou9CqUqYa/HBy124RqtVh/O2pECas/MOcsDgpilPOPg==
  dependencies:
    mime-db "1.48.0"

mongodb@3.6.8:
  version "3.6.8"
  resolved "https://registry.yarnpkg.com/mongodb/-/mongodb-3.6.8.tgz#3e2632af81915b3ff99b7681121ca0895e8ed407"
  integrity sha512-sDjJvI73WjON1vapcbyBD3Ao9/VN3TKYY8/QX9EPbs22KaCSrQ5rXo5ZZd44tWJ3wl3FlnrFZ+KyUtNH6+1ZPQ==
  dependencies:
    bl "^2.2.1"
    bson "^1.1.4"
    denque "^1.4.1"
    optional-require "^1.0.3"
    safe-buffer "^5.1.2"
  optionalDependencies:
    saslprep "^1.0.0"

mongoose-legacy-pluralize@1.0.2:
  version "1.0.2"
  resolved "https://registry.yarnpkg.com/mongoose-legacy-pluralize/-/mongoose-legacy-pluralize-1.0.2.tgz#3ba9f91fa507b5186d399fb40854bff18fb563e4"
  integrity sha512-Yo/7qQU4/EyIS8YDFSeenIvXxZN+ld7YdV9LqFVQJzTLye8unujAWPZ4NWKfFA+RNjh+wvTWKY9Z3E5XM6ZZiQ==

mongoose@^5.12.2:
  version "5.12.13"
  resolved "https://registry.yarnpkg.com/mongoose/-/mongoose-5.12.13.tgz#6707fb2f6284536bb6367c94ccc3ce85475a387d"
  integrity sha512-QGn1FCzZ8Z+mMGVg8oR2kQw4NmhLloCHsw1NqKWg3Yr7WfPzkE4pe7s9P6o5pkYGsku17n9mqMHowne7EFK/zQ==
  dependencies:
    "@types/mongodb" "^3.5.27"
    bson "^1.1.4"
    kareem "2.3.2"
    mongodb "3.6.8"
    mongoose-legacy-pluralize "1.0.2"
    mpath "0.8.3"
    mquery "3.2.5"
    ms "2.1.2"
    regexp-clone "1.0.0"
    safe-buffer "5.2.1"
    sift "13.5.2"
    sliced "1.0.1"

mpath@0.8.3:
  version "0.8.3"
  resolved "https://registry.yarnpkg.com/mpath/-/mpath-0.8.3.tgz#828ac0d187f7f42674839d74921970979abbdd8f"
  integrity sha512-eb9rRvhDltXVNL6Fxd2zM9D4vKBxjVVQNLNijlj7uoXUy19zNDsIif5zR+pWmPCWNKwAtqyo4JveQm4nfD5+eA==

mquery@3.2.5:
  version "3.2.5"
  resolved "https://registry.yarnpkg.com/mquery/-/mquery-3.2.5.tgz#8f2305632e4bb197f68f60c0cffa21aaf4060c51"
  integrity sha512-VjOKHHgU84wij7IUoZzFRU07IAxd5kWJaDmyUzQlbjHjyoeK5TNeeo8ZsFDtTYnSgpW6n/nMNIHvE3u8Lbrf4A==
  dependencies:
    bluebird "3.5.1"
    debug "3.1.0"
    regexp-clone "^1.0.0"
    safe-buffer "5.1.2"
    sliced "1.0.1"

ms@2.0.0:
  version "2.0.0"
  resolved "https://registry.yarnpkg.com/ms/-/ms-2.0.0.tgz#5608aeadfc00be6c2901df5f9861788de0d597c8"
  integrity sha1-VgiurfwAvmwpAd9fmGF4jeDVl8g=

ms@2.1.2:
  version "2.1.2"
  resolved "https://registry.yarnpkg.com/ms/-/ms-2.1.2.tgz#d09d1f357b443f493382a8eb3ccd183872ae6009"
  integrity sha512-sGkPx+VjMtmA6MX27oA4FBFELFCZZ4S4XqeGOXCv68tT+jb3vk/RyaKWP0PTKyWtmLSM0b+adUTEvbs1PEaH2w==

nerdamer@^1.1.10:
  version "1.1.11"
  resolved "https://registry.yarnpkg.com/nerdamer/-/nerdamer-1.1.11.tgz#acdc630d1e0c30d5bdaed86f5a77e656adf7fc99"
  integrity sha512-EcvEAYALQLAg9yk8c0xE0wLBA1xdjhglBvMr9xk0WaI+arwkXTjGgUpXOVTiwLm3VKv9tPFc8R4UjJxnmGfnSg==

node-fetch@^2.6.1:
  version "2.6.1"
  resolved "https://registry.yarnpkg.com/node-fetch/-/node-fetch-2.6.1.tgz#045bd323631f76ed2e2b55573394416b639a0052"
  integrity sha512-V4aYg89jEoVRxRb2fJdAg8FHvI7cEyYdVAh94HH0UIK8oJxUfkjlDQN9RbMx+bEjP7+ggMiFRprSti032Oipxw==

optional-require@^1.0.3:
  version "1.0.3"
  resolved "https://registry.yarnpkg.com/optional-require/-/optional-require-1.0.3.tgz#275b8e9df1dc6a17ad155369c2422a440f89cb07"
  integrity sha512-RV2Zp2MY2aeYK5G+B/Sps8lW5NHAzE5QClbFP15j+PWmP+T9PxlJXBOOLoSAdgwFvS4t0aMR4vpedMkbHfh0nA==

packet-reader@1.0.0:
  version "1.0.0"
  resolved "https://registry.yarnpkg.com/packet-reader/-/packet-reader-1.0.0.tgz#9238e5480dedabacfe1fe3f2771063f164157d74"
  integrity sha512-HAKu/fG3HpHFO0AA8WE8q2g+gBJaZ9MG7fcKk+IJPLTGAD6Psw4443l+9DGRbOIh3/aXr7Phy0TjilYivJo5XQ==

pg-connection-string@^2.5.0:
  version "2.5.0"
  resolved "https://registry.yarnpkg.com/pg-connection-string/-/pg-connection-string-2.5.0.tgz#538cadd0f7e603fc09a12590f3b8a452c2c0cf34"
  integrity sha512-r5o/V/ORTA6TmUnyWZR9nCj1klXCO2CEKNRlVuJptZe85QuhFayC7WeMic7ndayT5IRIR0S0xFxFi2ousartlQ==

pg-int8@1.0.1:
  version "1.0.1"
  resolved "https://registry.yarnpkg.com/pg-int8/-/pg-int8-1.0.1.tgz#943bd463bf5b71b4170115f80f8efc9a0c0eb78c"
  integrity sha512-WCtabS6t3c8SkpDBUlb1kjOs7l66xsGdKpIPZsg4wR+B3+u9UAum2odSsF9tnvxg80h4ZxLWMy4pRjOsFIqQpw==

pg-pool@^3.3.0:
  version "3.3.0"
  resolved "https://registry.yarnpkg.com/pg-pool/-/pg-pool-3.3.0.tgz#12d5c7f65ea18a6e99ca9811bd18129071e562fc"
  integrity sha512-0O5huCql8/D6PIRFAlmccjphLYWC+JIzvUhSzXSpGaf+tjTZc4nn+Lr7mLXBbFJfvwbP0ywDv73EiaBsxn7zdg==

pg-protocol@*, pg-protocol@^1.5.0:
  version "1.5.0"
  resolved "https://registry.yarnpkg.com/pg-protocol/-/pg-protocol-1.5.0.tgz#b5dd452257314565e2d54ab3c132adc46565a6a0"
  integrity sha512-muRttij7H8TqRNu/DxrAJQITO4Ac7RmX3Klyr/9mJEOBeIpgnF8f9jAfRz5d3XwQZl5qBjF9gLsUtMPJE0vezQ==

pg-types@^2.1.0, pg-types@^2.2.0:
  version "2.2.0"
  resolved "https://registry.yarnpkg.com/pg-types/-/pg-types-2.2.0.tgz#2d0250d636454f7cfa3b6ae0382fdfa8063254a3"
  integrity sha512-qTAAlrEsl8s4OiEQY69wDvcMIdQN6wdz5ojQiOy6YRMuynxenON0O5oCpJI6lshc6scgAY8qvJ2On/p+CXY0GA==
  dependencies:
    pg-int8 "1.0.1"
    postgres-array "~2.0.0"
    postgres-bytea "~1.0.0"
    postgres-date "~1.0.4"
    postgres-interval "^1.1.0"

pg@^8.6.0:
  version "8.6.0"
  resolved "https://registry.yarnpkg.com/pg/-/pg-8.6.0.tgz#e222296b0b079b280cce106ea991703335487db2"
  integrity sha512-qNS9u61lqljTDFvmk/N66EeGq3n6Ujzj0FFyNMGQr6XuEv4tgNTXvJQTfJdcvGit5p5/DWPu+wj920hAJFI+QQ==
  dependencies:
    buffer-writer "2.0.0"
    packet-reader "1.0.0"
    pg-connection-string "^2.5.0"
    pg-pool "^3.3.0"
    pg-protocol "^1.5.0"
    pg-types "^2.1.0"
    pgpass "1.x"

pgpass@1.x:
  version "1.0.4"
  resolved "https://registry.yarnpkg.com/pgpass/-/pgpass-1.0.4.tgz#85eb93a83800b20f8057a2b029bf05abaf94ea9c"
  integrity sha512-YmuA56alyBq7M59vxVBfPJrGSozru8QAdoNlWuW3cz8l+UX3cWge0vTvjKhsSHSJpo3Bom8/Mm6hf0TR5GY0+w==
  dependencies:
    split2 "^3.1.1"

postgres-array@~2.0.0:
  version "2.0.0"
  resolved "https://registry.yarnpkg.com/postgres-array/-/postgres-array-2.0.0.tgz#48f8fce054fbc69671999329b8834b772652d82e"
  integrity sha512-VpZrUqU5A69eQyW2c5CA1jtLecCsN2U/bD6VilrFDWq5+5UIEVO7nazS3TEcHf1zuPYO/sqGvUvW62g86RXZuA==

postgres-bytea@~1.0.0:
  version "1.0.0"
  resolved "https://registry.yarnpkg.com/postgres-bytea/-/postgres-bytea-1.0.0.tgz#027b533c0aa890e26d172d47cf9ccecc521acd35"
  integrity sha1-AntTPAqokOJtFy1Hz5zOzFIazTU=

postgres-date@~1.0.4:
  version "1.0.7"
  resolved "https://registry.yarnpkg.com/postgres-date/-/postgres-date-1.0.7.tgz#51bc086006005e5061c591cee727f2531bf641a8"
  integrity sha512-suDmjLVQg78nMK2UZ454hAG+OAW+HQPZ6n++TNDUX+L0+uUlLywnoxJKDou51Zm+zTCjrCl0Nq6J9C5hP9vK/Q==

postgres-interval@^1.1.0:
  version "1.2.0"
  resolved "https://registry.yarnpkg.com/postgres-interval/-/postgres-interval-1.2.0.tgz#b460c82cb1587507788819a06aa0fffdb3544695"
  integrity sha512-9ZhXKM/rw350N1ovuWHbGxnGh/SNJ4cnxHiM0rxE4VN41wsg8P8zWn9hv/buK00RP4WvlOyr/RBDiptyxVbkZQ==
  dependencies:
    xtend "^4.0.0"

process-nextick-args@~2.0.0:
  version "2.0.1"
  resolved "https://registry.yarnpkg.com/process-nextick-args/-/process-nextick-args-2.0.1.tgz#7820d9b16120cc55ca9ae7792680ae7dba6d7fe2"
  integrity sha512-3ouUOpQhtgrbOa17J7+uxOTpITYWaGP7/AhoR3+A+/1e9skrzelGi/dXzEYyvbxubEF6Wn2ypscTKiKJFFn1ag==

readable-stream@^2.3.5:
  version "2.3.7"
  resolved "https://registry.yarnpkg.com/readable-stream/-/readable-stream-2.3.7.tgz#1eca1cf711aef814c04f62252a36a62f6cb23b57"
  integrity sha512-Ebho8K4jIbHAxnuxi7o42OrZgF/ZTNcsZj6nRKyUmkhLFq8CHItp/fy6hQZuZmP/n3yZ9VBUbp4zz/mX8hmYPw==
  dependencies:
    core-util-is "~1.0.0"
    inherits "~2.0.3"
    isarray "~1.0.0"
    process-nextick-args "~2.0.0"
    safe-buffer "~5.1.1"
    string_decoder "~1.1.1"
    util-deprecate "~1.0.1"

readable-stream@^3.0.0:
  version "3.6.0"
  resolved "https://registry.yarnpkg.com/readable-stream/-/readable-stream-3.6.0.tgz#337bbda3adc0706bd3e024426a286d4b4b2c9198"
  integrity sha512-BViHy7LKeTz4oNnkcLJ+lVSL6vpiFeX6/d3oSH8zCW7UxP2onchk+vTGB143xuFjHS3deTgkKoXXymXqymiIdA==
  dependencies:
    inherits "^2.0.3"
    string_decoder "^1.1.1"
    util-deprecate "^1.0.1"

regexp-clone@1.0.0, regexp-clone@^1.0.0:
  version "1.0.0"
  resolved "https://registry.yarnpkg.com/regexp-clone/-/regexp-clone-1.0.0.tgz#222db967623277056260b992626354a04ce9bf63"
  integrity sha512-TuAasHQNamyyJ2hb97IuBEif4qBHGjPHBS64sZwytpLEqtBQ1gPJTnOaQ6qmpET16cK14kkjbazl6+p0RRv0yw==

safe-buffer@5.1.2, safe-buffer@~5.1.0, safe-buffer@~5.1.1:
  version "5.1.2"
  resolved "https://registry.yarnpkg.com/safe-buffer/-/safe-buffer-5.1.2.tgz#991ec69d296e0313747d59bdfd2b745c35f8828d"
  integrity sha512-Gd2UZBJDkXlY7GbJxfsE8/nvKkUEU1G38c1siN6QP6a9PT9MmHB8GnpscSmMJSoF8LOIrt8ud/wPtojys4G6+g==

safe-buffer@5.2.1, safe-buffer@^5.1.1, safe-buffer@^5.1.2, safe-buffer@~5.2.0:
  version "5.2.1"
  resolved "https://registry.yarnpkg.com/safe-buffer/-/safe-buffer-5.2.1.tgz#1eaf9fa9bdb1fdd4ec75f58f9cdb4e6b7827eec6"
  integrity sha512-rp3So07KcdmmKbGvgaNxQSJr7bGVSVk5S9Eq1F+ppbRo70+YeaDxkw5Dd8NPN+GD6bjnYm2VuPuCXmpuYvmCXQ==

saslprep@^1.0.0:
  version "1.0.3"
  resolved "https://registry.yarnpkg.com/saslprep/-/saslprep-1.0.3.tgz#4c02f946b56cf54297e347ba1093e7acac4cf226"
  integrity sha512-/MY/PEMbk2SuY5sScONwhUDsV2p77Znkb/q3nSVstq/yQzYJOH/Azh29p9oJLsl3LnQwSvZDKagDGBsBwSooag==
  dependencies:
    sparse-bitfield "^3.0.3"

sift@13.5.2:
  version "13.5.2"
  resolved "https://registry.yarnpkg.com/sift/-/sift-13.5.2.tgz#24a715e13c617b086166cd04917d204a591c9da6"
  integrity sha512-+gxdEOMA2J+AI+fVsCqeNn7Tgx3M9ZN9jdi95939l1IJ8cZsqS8sqpJyOkic2SJk+1+98Uwryt/gL6XDaV+UZA==

sliced@1.0.1:
  version "1.0.1"
  resolved "https://registry.yarnpkg.com/sliced/-/sliced-1.0.1.tgz#0b3a662b5d04c3177b1926bea82b03f837a2ef41"
  integrity sha1-CzpmK10Ewxd7GSa+qCsD+Dei70E=

source-map-support@^0.5.17:
  version "0.5.19"
  resolved "https://registry.yarnpkg.com/source-map-support/-/source-map-support-0.5.19.tgz#a98b62f86dcaf4f67399648c085291ab9e8fed61"
  integrity sha512-Wonm7zOCIJzBGQdB+thsPar0kYuCIzYvxZwlBa87yi/Mdjv7Tip2cyVbLj5o0cFPN4EVkuTwb3GDDyUx2DGnGw==
  dependencies:
    buffer-from "^1.0.0"
    source-map "^0.6.0"

source-map@^0.6.0:
  version "0.6.1"
  resolved "https://registry.yarnpkg.com/source-map/-/source-map-0.6.1.tgz#74722af32e9614e9c287a8d0bbde48b5e2f1a263"
  integrity sha512-UjgapumWlbMhkBgzT7Ykc5YXUT46F0iKu8SGXq0bcwP5dz/h0Plj6enJqjz1Zbq2l5WaqYnrVbwWOWMyF3F47g==

sparse-bitfield@^3.0.3:
  version "3.0.3"
  resolved "https://registry.yarnpkg.com/sparse-bitfield/-/sparse-bitfield-3.0.3.tgz#ff4ae6e68656056ba4b3e792ab3334d38273ca11"
  integrity sha1-/0rm5oZWBWuks+eSqzM004JzyhE=
  dependencies:
    memory-pager "^1.0.2"

split2@^3.1.1:
  version "3.2.2"
  resolved "https://registry.yarnpkg.com/split2/-/split2-3.2.2.tgz#bf2cf2a37d838312c249c89206fd7a17dd12365f"
  integrity sha512-9NThjpgZnifTkJpzTZ7Eue85S49QwpNhZTq6GRJwObb6jnLFNGB7Qm73V5HewTROPyxD0C29xqmaI68bQtV+hg==
  dependencies:
    readable-stream "^3.0.0"

string_decoder@^1.1.1:
  version "1.3.0"
  resolved "https://registry.yarnpkg.com/string_decoder/-/string_decoder-1.3.0.tgz#42f114594a46cf1a8e30b0a84f56c78c3edac21e"
  integrity sha512-hkRX8U1WjJFd8LsDJ2yQ/wWWxaopEsABU1XfkM8A+j0+85JAGppt16cr1Whg6KIbb4okU6Mql6BOj+uup/wKeA==
  dependencies:
    safe-buffer "~5.2.0"

string_decoder@~1.1.1:
  version "1.1.1"
  resolved "https://registry.yarnpkg.com/string_decoder/-/string_decoder-1.1.1.tgz#9cf1611ba62685d7030ae9e4ba34149c3af03fc8"
  integrity sha512-n/ShnvDi6FHbbVfviro+WojiFzv+s8MPMHBczVePfUpDJLwoLT0ht1l4YwBCbi8pJAveEEdnkHyPyTP/mzRfwg==
  dependencies:
    safe-buffer "~5.1.0"

ts-node@^9.1.1:
  version "9.1.1"
  resolved "https://registry.yarnpkg.com/ts-node/-/ts-node-9.1.1.tgz#51a9a450a3e959401bda5f004a72d54b936d376d"
  integrity sha512-hPlt7ZACERQGf03M253ytLY3dHbGNGrAq9qIHWUY9XHYl1z7wYngSr3OQ5xmui8o2AaxsONxIzjafLUiWBo1Fg==
  dependencies:
    arg "^4.1.0"
    create-require "^1.1.0"
    diff "^4.0.1"
    make-error "^1.1.1"
    source-map-support "^0.5.17"
    yn "3.1.1"

typescript@^4.2.3:
  version "4.3.2"
  resolved "https://registry.yarnpkg.com/typescript/-/typescript-4.3.2.tgz#399ab18aac45802d6f2498de5054fcbbe716a805"
  integrity sha512-zZ4hShnmnoVnAHpVHWpTcxdv7dWP60S2FsydQLV8V5PbS3FifjWFFRiHSWpDJahly88PRyV5teTSLoq4eG7mKw==

util-deprecate@^1.0.1, util-deprecate@~1.0.1:
  version "1.0.2"
  resolved "https://registry.yarnpkg.com/util-deprecate/-/util-deprecate-1.0.2.tgz#450d4dc9fa70de732762fbd2d4a28981419a0ccf"
  integrity sha1-RQ1Nyfpw3nMnYvvS1KKJgUGaDM8=

ws@^7.4.6:
  version "7.5.0"
  resolved "https://registry.yarnpkg.com/ws/-/ws-7.5.0.tgz#0033bafea031fb9df041b2026fc72a571ca44691"
  integrity sha512-6ezXvzOZupqKj4jUqbQ9tXuJNo+BR2gU8fFRk3XCP3e0G6WT414u5ELe6Y0vtp7kmSJ3F7YWObSNr1ESsgi4vw==

xtend@^4.0.0:
  version "4.0.2"
  resolved "https://registry.yarnpkg.com/xtend/-/xtend-4.0.2.tgz#bb72779f5fa465186b1f438f674fa347fdb5db54"
  integrity sha512-LKYU1iAXJXUgAXn9URjiu+MWhyUXHsvfp7mcuYm9dSUKK0/CjtrUwFAxD82/mCWbtLsGjFIad0wIsod4zrTAEQ==

yn@3.1.1:
  version "3.1.1"
  resolved "https://registry.yarnpkg.com/yn/-/yn-3.1.1.tgz#1e87401a09d767c1d5eab26a6e4c185182d2eb50"
  integrity sha512-Ux4ygGWsu2c7isFWe8Yu1YluJmqVhxqK2cLXNQA5AcC3QfbGNpM7fu0Y8b/z16pXLnFxZYvWhd3fhBY9DLmC6Q==
